Microsoft Visual Studio Solution File, Format Version 12.00
# Visual Studio Version 17
VisualStudioVersion = 17.5.2.0
MinimumVisualStudioVersion = 10.0.40219.1
Project("{2150E333-8FDC-42A3-9474-1A3956D46DE8}") = "src", "src", "{827E0CD3-B72D-47B6-A68D-7590B98EB39B}"
EndProject
Project("{FAE04EC0-301F-11D3-BF4B-00C04F79EFBC}") = "URSUS", "src\URSUS\URSUS.csproj", "{ED4F988C-C626-3F73-CE2D-1FCDEAA85079}"
EndProject
Project("{FAE04EC0-301F-11D3-BF4B-00C04F79EFBC}") = "URSUS.GH", "src\URSUS.GH\URSUS.GH.csproj", "{E5FE3F26-8B97-4856-9BA5-6B0CF3937930}"
EndProject
Project("{FAE04EC0-301F-11D3-BF4B-00C04F79EFBC}") = "URSUS.Setup", "src\URSUS.Setup\URSUS.Setup.csproj", "{7A1B3C4D-5E6F-7890-ABCD-EF1234567890}"
EndProject
Project("{FAE04EC0-301F-11D3-BF4B-00C04F79EFBC}") = "URSUS.Tests", "src\URSUS.Tests\URSUS.Tests.csproj", "{950AED66-040E-4BB7-8CC6-BA96C6766FC9}"
EndProject
Global
	GlobalSection(SolutionConfigurationPlatforms) = preSolution
		Debug|Any CPU = Debug|Any CPU
		Release|Any CPU = Release|Any CPU
	EndGlobalSection
	GlobalSection(ProjectConfigurationPlatforms) = postSolution
		{ED4F988C-C626-3F73-CE2D-1FCDEAA85079}.Debug|Any CPU.ActiveCfg = Debug|Any CPU
		{ED4F988C-C626-3F73-CE2D-1FCDEAA85079}.Debug|Any CPU.Build.0 = Debug|Any CPU
		{ED4F988C-C626-3F73-CE2D-1FCDEAA85079}.Release|Any CPU.ActiveCfg = Release|Any CPU
		{ED4F988C-C626-3F73-CE2D-1FCDEAA85079}.Release|Any CPU.Build.0 = Release|Any CPU
		{E5FE3F26-8B97-4856-9BA5-6B0CF3937930}.Debug|Any CPU.ActiveCfg = Debug|Any CPU
		{E5FE3F26-8B97-4856-9BA5-6B0CF3937930}.Debug|Any CPU.Build.0 = Debug|Any CPU
		{E5FE3F26-8B97-4856-9BA5-6B0CF3937930}.Release|Any CPU.ActiveCfg = Release|Any CPU
		{E5FE3F26-8B97-4856-9BA5-6B0CF3937930}.Release|Any CPU.Build.0 = Release|Any CPU
		{7A1B3C4D-5E6F-7890-ABCD-EF1234567890}.Debug|Any CPU.ActiveCfg = Debug|Any CPU
		{7A1B3C4D-5E6F-7890-ABCD-EF1234567890}.Debug|Any CPU.Build.0 = Debug|Any CPU
		{7A1B3C4D-5E6F-7890-ABCD-EF1234567890}.Release|Any CPU.ActiveCfg = Release|Any CPU
		{7A1B3C4D-5E6F-7890-ABCD-EF1234567890}.Release|Any CPU.Build.0 = Release|Any CPU
		{950AED66-040E-4BB7-8CC6-BA96C6766FC9}.Debug|Any CPU.ActiveCfg = Debug|Any CPU
		{950AED66-040E-4BB7-8CC6-BA96C6766FC9}.Debug|Any CPU.Build.0 = Debug|Any CPU
		{950AED66-040E-4BB7-8CC6-BA96C6766FC9}.Release|Any CPU.ActiveCfg = Release|Any CPU
		{950AED66-040E-4BB7-8CC6-BA96C6766FC9}.Release|Any CPU.Build.0 = Release|Any CPU
	EndGlobalSection
	GlobalSection(SolutionProperties) = preSolution
		HideSolutionNode = FALSE
	EndGlobalSection
	GlobalSection(NestedProjects) = preSolution
		{ED4F988C-C626-3F73-CE2D-1FCDEAA85079} = {827E0CD3-B72D-47B6-A68D-7590B98EB39B}
		{E5FE3F26-8B97-4856-9BA5-6B0CF3937930} = {827E0CD3-B72D-47B6-A68D-7590B98EB39B}
		{7A1B3C4D-5E6F-7890-ABCD-EF1234567890} = {827E0CD3-B72D-47B6-A68D-7590B98EB39B}
		{950AED66-040E-4BB7-8CC6-BA96C6766FC9} = {827E0CD3-B72D-47B6-A68D-7590B98EB39B}
	EndGlobalSection
	GlobalSection(ExtensibilityGlobals) = postSolution
		SolutionGuid = {BDD8B7E3-C169-456D-BA2D-0D7CDC34A619}
	EndGlobalSection
EndGlobal
